// !$*UTF8*$!
{
	archiveVersion = 1;
	classes = {
	};
	objectVersion = 46;
	objects = {

/* Begin PBXBuildFile section */
		13B07FBC1A68108700A75B9A /* AppDelegate.m in Sources */ = {isa = PBXBuildFile; fileRef = 13B07FB01A68108700A75B9A /* AppDelegate.m */; };
		13B07FBD1A68108700A75B9A /* LaunchScreen.xib in Resources */ = {isa = PBXBuildFile; fileRef = 13B07FB11A68108700A75B9A /* LaunchScreen.xib */; };
		13B07FBF1A68108700A75B9A /* Images.xcassets in Resources */ = {isa = PBXBuildFile; fileRef = 13B07FB51A68108700A75B9A /* Images.xcassets */; };
		13B07FC11A68108700A75B9A /* main.m in Sources */ = {isa = PBXBuildFile; fileRef = 13B07FB71A68108700A75B9A /* main.m */; };
		2D02E4BC1E0B4A80006451C7 /* AppDelegate.m in Sources */ = {isa = PBXBuildFile; fileRef = 13B07FB01A68108700A75B9A /* AppDelegate.m */; };
		2D02E4BD1E0B4A84006451C7 /* Images.xcassets in Resources */ = {isa = PBXBuildFile; fileRef = 13B07FB51A68108700A75B9A /* Images.xcassets */; };
		2D02E4BF1E0B4AB3006451C7 /* main.m in Sources */ = {isa = PBXBuildFile; fileRef = 13B07FB71A68108700A75B9A /* main.m */; };
		4EF9619E820E481D83482037 /* libPods-MyInfo.a in Frameworks */ = {isa = PBXBuildFile; fileRef = 4EB750B9D03A8BD213E4CF6E /* libPods-MyInfo.a */; };
		F5A83711F6AE908B6D357C7F /* libPods-MyInfo-tvOS.a in Frameworks */ = {isa = PBXBuildFile; fileRef = FD78189CCA22381C6FAEE181 /* libPods-MyInfo-tvOS.a */; };
		CCE014544C3E4F26A2392CFE /* AntDesign.ttf in Resources */ = {isa = PBXBuildFile; fileRef = 197602A9F1254AFF92D636CD /* AntDesign.ttf */; };
		780F640D7DBC463C826955C9 /* Entypo.ttf in Resources */ = {isa = PBXBuildFile; fileRef = CE0559EA5C954FF0AE201216 /* Entypo.ttf */; };
		9A8E3555EC3545E487485CB7 /* EvilIcons.ttf in Resources */ = {isa = PBXBuildFile; fileRef = EC9B1E048F6A4C71939F8966 /* EvilIcons.ttf */; };
		8DE2F5F1123E4915A648C8CC /* Feather.ttf in Resources */ = {isa = PBXBuildFile; fileRef = E3EBDC5F6E674B4CBDD425FA /* Feather.ttf */; };
		97FBA64521EE40E5918E9ABE /* FontAwesome.ttf in Resources */ = {isa = PBXBuildFile; fileRef = CFE13BA7A260482DB3B0F512 /* FontAwesome.ttf */; };
		8389A69FBC9A42C98663F3CF /* FontAwesome5_Brands.ttf in Resources */ = {isa = PBXBuildFile; fileRef = F0C80BCDEEA44D649C2291A2 /* FontAwesome5_Brands.ttf */; };
		41FA600986074C01A2694647 /* FontAwesome5_Regular.ttf in Resources */ = {isa = PBXBuildFile; fileRef = 18E4C31938D14082A8E5180B /* FontAwesome5_Regular.ttf */; };
		4C97046AAC654AA1AD754096 /* FontAwesome5_Solid.ttf in Resources */ = {isa = PBXBuildFile; fileRef = 86B4FBE3016A4688A64FC19D /* FontAwesome5_Solid.ttf */; };
		E24EB3FB2A5B4EE29A856C72 /* Fontisto.ttf in Resources */ = {isa = PBXBuildFile; fileRef = 43EA51D1A09F4118B2B22A27 /* Fontisto.ttf */; };
		D126727646D44228A7C03BA3 /* Foundation.ttf in Resources */ = {isa = PBXBuildFile; fileRef = 04C046FD83D9478789BC2FA0 /* Foundation.ttf */; };
		46CC41979F184B60A39ADE70 /* Ionicons.ttf in Resources */ = {isa = PBXBuildFile; fileRef = B62B91D262CC4E259CD11411 /* Ionicons.ttf */; };
		56D24F3A8A9648A688B91F67 /* MaterialCommunityIcons.ttf in Resources */ = {isa = PBXBuildFile; fileRef = 04652D95450B46488BE27064 /* MaterialCommunityIcons.ttf */; };
		0F80208C752A412CB4D3F0FE /* MaterialIcons.ttf in Resources */ = {isa = PBXBuildFile; fileRef = 7CE43519CE0049E7B4A4C7D9 /* MaterialIcons.ttf */; };
		F71D12145BED43B5A4AB36C4 /* Octicons.ttf in Resources */ = {isa = PBXBuildFile; fileRef = F7C5FE92AF174564A75E76FE /* Octicons.ttf */; };
		1AAB126939124B1191B9AD9C /* SimpleLineIcons.ttf in Resources */ = {isa = PBXBuildFile; fileRef = 75EC04C04CDA4D2790826383 /* SimpleLineIcons.ttf */; };
		9E1FA0B28FFC45CA8FBDFD4E /* Zocial.ttf in Resources */ = {isa = PBXBuildFile; fileRef = CAF0393A05F74C04982DAB51 /* Zocial.ttf */; };
		DB2AF19FDBEF4567B3DAE88D /* AntDesign.ttf in Resources */ = {isa = PBXBuildFile; fileRef = 7CE2886F94EF4DF895D45BA7 /* AntDesign.ttf */; };
		3E00B6E3FA47419F8B8AD0B4 /* Entypo.ttf in Resources */ = {isa = PBXBuildFile; fileRef = 43844B60C3004FCC930D40D4 /* Entypo.ttf */; };
		7E01DCCC9671475AA7B54305 /* EvilIcons.ttf in Resources */ = {isa = PBXBuildFile; fileRef = 876E31E5BD8B461E8B001386 /* EvilIcons.ttf */; };
		5A161A12C99944C6ABE55A35 /* Feather.ttf in Resources */ = {isa = PBXBuildFile; fileRef = 289460A9ED2E456CA8492FE8 /* Feather.ttf */; };
		3A22081C909746CEA3786C89 /* FontAwesome.ttf in Resources */ = {isa = PBXBuildFile; fileRef = CF7942B3FCE047FDB6CCFF0D /* FontAwesome.ttf */; };
		065EAF8B2BCA4461ABF02887 /* FontAwesome5_Brands.ttf in Resources */ = {isa = PBXBuildFile; fileRef = 3426B577461E44DFA215D0EE /* FontAwesome5_Brands.ttf */; };
		119174333C5F44E0AF6509F2 /* FontAwesome5_Regular.ttf in Resources */ = {isa = PBXBuildFile; fileRef = 531A3609054448E780C68BD2 /* FontAwesome5_Regular.ttf */; };
		610780069A5148D1AF90A08E /* FontAwesome5_Solid.ttf in Resources */ = {isa = PBXBuildFile; fileRef = 8FB48B52012C4AB49FAB180B /* FontAwesome5_Solid.ttf */; };
		727C8CE4FF764CE99B0EF6B0 /* Fontisto.ttf in Resources */ = {isa = PBXBuildFile; fileRef = 0D05F1C6957C4334BFE6EAA7 /* Fontisto.ttf */; };
		BF2C631EB3D3412BB42E13A9 /* Foundation.ttf in Resources */ = {isa = PBXBuildFile; fileRef = E970B1BC6A1942A9849C2142 /* Foundation.ttf */; };
		19F20A222FE342C28F3D05A1 /* Ionicons.ttf in Resources */ = {isa = PBXBuildFile; fileRef = D5D773575F8D4CCE93B8021F /* Ionicons.ttf */; };
		48741D5C9E5F449FBF63254E /* MaterialCommunityIcons.ttf in Resources */ = {isa = PBXBuildFile; fileRef = F25C0A39DC764B1495B388FF /* MaterialCommunityIcons.ttf */; };
		BF200868AAA54A8888B46344 /* MaterialIcons.ttf in Resources */ = {isa = PBXBuildFile; fileRef = 5FB235E5BE2A4B52BEAFE002 /* MaterialIcons.ttf */; };
		0FFD3DDAF6EA404E971BF76C /* Octicons.ttf in Resources */ = {isa = PBXBuildFile; fileRef = 94270A368F994AC1A5554D15 /* Octicons.ttf */; };
		0E89E41112C84D02AC6576FA /* Roboto_medium.ttf in Resources */ = {isa = PBXBuildFile; fileRef = DD12079FB81A464095988ABB /* Roboto_medium.ttf */; };
		FADB6ACFC3274491B56E00AC /* Roboto.ttf in Resources */ = {isa = PBXBuildFile; fileRef = 583487D87D7A413CA68F73B0 /* Roboto.ttf */; };
		93B2199C7B6D4E55BE0D3A30 /* rubicon-icon-font.ttf in Resources */ = {isa = PBXBuildFile; fileRef = 8B22F137282949C1A308BB00 /* rubicon-icon-font.ttf */; };
		CF27F7CBFC094AF890A8F6F0 /* SimpleLineIcons.ttf in Resources */ = {isa = PBXBuildFile; fileRef = A70DAAD173F64EA6B14388C5 /* SimpleLineIcons.ttf */; };
		631706A457A34A98BC6DC551 /* Zocial.ttf in Resources */ = {isa = PBXBuildFile; fileRef = 2D346425B3344E91B1186DB7 /* Zocial.ttf */; };
/* End PBXBuildFile section */

/* Begin PBXFileReference section */
		008F07F21AC5B25A0029DE68 /* main.jsbundle */ = {isa = PBXFileReference; fileEncoding = 4; lastKnownFileType = text; path = main.jsbundle; sourceTree = "<group>"; };
		00E356F11AD99517003FC87E /* Info.plist */ = {isa = PBXFileReference; lastKnownFileType = text.plist.xml; path = Info.plist; sourceTree = "<group>"; };
		00E356F21AD99517003FC87E /* MyInfoTests.m */ = {isa = PBXFileReference; lastKnownFileType = sourcecode.c.objc; path = MyInfoTests.m; sourceTree = "<group>"; };
		13B07F961A680F5B00A75B9A /* MyInfo.app */ = {isa = PBXFileReference; explicitFileType = wrapper.application; includeInIndex = 0; path = MyInfo.app; sourceTree = BUILT_PRODUCTS_DIR; };
		13B07FAF1A68108700A75B9A /* AppDelegate.h */ = {isa = PBXFileReference; fileEncoding = 4; lastKnownFileType = sourcecode.c.h; name = AppDelegate.h; path = MyInfo/AppDelegate.h; sourceTree = "<group>"; };
		13B07FB01A68108700A75B9A /* AppDelegate.m */ = {isa = PBXFileReference; fileEncoding = 4; lastKnownFileType = sourcecode.c.objc; name = AppDelegate.m; path = MyInfo/AppDelegate.m; sourceTree = "<group>"; };
		13B07FB21A68108700A75B9A /* Base */ = {isa = PBXFileReference; lastKnownFileType = file.xib; name = Base; path = Base.lproj/LaunchScreen.xib; sourceTree = "<group>"; };
		13B07FB51A68108700A75B9A /* Images.xcassets */ = {isa = PBXFileReference; lastKnownFileType = folder.assetcatalog; name = Images.xcassets; path = MyInfo/Images.xcassets; sourceTree = "<group>"; };
		13B07FB61A68108700A75B9A /* Info.plist */ = {isa = PBXFileReference; fileEncoding = 4; lastKnownFileType = text.plist.xml; name = Info.plist; path = MyInfo/Info.plist; sourceTree = "<group>"; };
		13B07FB71A68108700A75B9A /* main.m */ = {isa = PBXFileReference; fileEncoding = 4; lastKnownFileType = sourcecode.c.objc; name = main.m; path = MyInfo/main.m; sourceTree = "<group>"; };
		22A8114BB9441642A0226F90 /* Pods-MyInfo-tvOSTests.debug.xcconfig */ = {isa = PBXFileReference; includeInIndex = 1; lastKnownFileType = text.xcconfig; name = "Pods-MyInfo-tvOSTests.debug.xcconfig"; path = "Target Support Files/Pods-MyInfo-tvOSTests/Pods-MyInfo-tvOSTests.debug.xcconfig"; sourceTree = "<group>"; };
		2475611177491963F7D0478E /* Pods-MyInfo.debug.xcconfig */ = {isa = PBXFileReference; includeInIndex = 1; lastKnownFileType = text.xcconfig; name = "Pods-MyInfo.debug.xcconfig"; path = "Target Support Files/Pods-MyInfo/Pods-MyInfo.debug.xcconfig"; sourceTree = "<group>"; };
		2D02E47B1E0B4A5D006451C7 /* MyInfo-tvOS.app */ = {isa = PBXFileReference; explicitFileType = wrapper.application; includeInIndex = 0; path = "MyInfo-tvOS.app"; sourceTree = BUILT_PRODUCTS_DIR; };
		4E744C60E89EBA5B04E10AFE /* Pods-MyInfo.release.xcconfig */ = {isa = PBXFileReference; includeInIndex = 1; lastKnownFileType = text.xcconfig; name = "Pods-MyInfo.release.xcconfig"; path = "Target Support Files/Pods-MyInfo/Pods-MyInfo.release.xcconfig"; sourceTree = "<group>"; };
		4EB750B9D03A8BD213E4CF6E /* libPods-MyInfo.a */ = {isa = PBXFileReference; explicitFileType = archive.ar; includeInIndex = 0; path = "libPods-MyInfo.a"; sourceTree = BUILT_PRODUCTS_DIR; };
		7879A39558F5CA1287D2D5DE /* Pods-MyInfo-MyInfoTests.debug.xcconfig */ = {isa = PBXFileReference; includeInIndex = 1; lastKnownFileType = text.xcconfig; name = "Pods-MyInfo-MyInfoTests.debug.xcconfig"; path = "Target Support Files/Pods-MyInfo-MyInfoTests/Pods-MyInfo-MyInfoTests.debug.xcconfig"; sourceTree = "<group>"; };
		7C7F3BB9B7B826853087B3BC /* Pods-MyInfo-tvOS.release.xcconfig */ = {isa = PBXFileReference; includeInIndex = 1; lastKnownFileType = text.xcconfig; name = "Pods-MyInfo-tvOS.release.xcconfig"; path = "Target Support Files/Pods-MyInfo-tvOS/Pods-MyInfo-tvOS.release.xcconfig"; sourceTree = "<group>"; };
		7E9CCA097190C183A83C3898 /* Pods-MyInfo-MyInfoTests.release.xcconfig */ = {isa = PBXFileReference; includeInIndex = 1; lastKnownFileType = text.xcconfig; name = "Pods-MyInfo-MyInfoTests.release.xcconfig"; path = "Target Support Files/Pods-MyInfo-MyInfoTests/Pods-MyInfo-MyInfoTests.release.xcconfig"; sourceTree = "<group>"; };
		D682ABFA739FCEEA60DA4BCF /* Pods-MyInfo-tvOS.debug.xcconfig */ = {isa = PBXFileReference; includeInIndex = 1; lastKnownFileType = text.xcconfig; name = "Pods-MyInfo-tvOS.debug.xcconfig"; path = "Target Support Files/Pods-MyInfo-tvOS/Pods-MyInfo-tvOS.debug.xcconfig"; sourceTree = "<group>"; };
		DC97DABA53209A7C4CD69B3C /* Pods-MyInfo-tvOSTests.release.xcconfig */ = {isa = PBXFileReference; includeInIndex = 1; lastKnownFileType = text.xcconfig; name = "Pods-MyInfo-tvOSTests.release.xcconfig"; path = "Target Support Files/Pods-MyInfo-tvOSTests/Pods-MyInfo-tvOSTests.release.xcconfig"; sourceTree = "<group>"; };
		ECBBF454196BE3E77E85A885 /* libPods-MyInfo-MyInfoTests.a */ = {isa = PBXFileReference; explicitFileType = archive.ar; includeInIndex = 0; path = "libPods-MyInfo-MyInfoTests.a"; sourceTree = BUILT_PRODUCTS_DIR; };
		ECBC94C39897F2D8791EE9B6 /* libPods-MyInfo-tvOSTests.a */ = {isa = PBXFileReference; explicitFileType = archive.ar; includeInIndex = 0; path = "libPods-MyInfo-tvOSTests.a"; sourceTree = BUILT_PRODUCTS_DIR; };
		ED297162215061F000B7C4FE /* JavaScriptCore.framework */ = {isa = PBXFileReference; lastKnownFileType = wrapper.framework; name = JavaScriptCore.framework; path = System/Library/Frameworks/JavaScriptCore.framework; sourceTree = SDKROOT; };
		ED2971642150620600B7C4FE /* JavaScriptCore.framework */ = {isa = PBXFileReference; lastKnownFileType = wrapper.framework; name = JavaScriptCore.framework; path = Platforms/AppleTVOS.platform/Developer/SDKs/AppleTVOS12.0.sdk/System/Library/Frameworks/JavaScriptCore.framework; sourceTree = DEVELOPER_DIR; };
		FD78189CCA22381C6FAEE181 /* libPods-MyInfo-tvOS.a */ = {isa = PBXFileReference; explicitFileType = archive.ar; includeInIndex = 0; path = "libPods-MyInfo-tvOS.a"; sourceTree = BUILT_PRODUCTS_DIR; };
		197602A9F1254AFF92D636CD /* AntDesign.ttf */ = {isa = PBXFileReference; name = "AntDesign.ttf"; path = "../node_modules/react-native-vector-icons/Fonts/AntDesign.ttf"; sourceTree = "<group>"; fileEncoding = undefined; lastKnownFileType = unknown; explicitFileType = undefined; includeInIndex = 0; };
		CE0559EA5C954FF0AE201216 /* Entypo.ttf */ = {isa = PBXFileReference; name = "Entypo.ttf"; path = "../node_modules/react-native-vector-icons/Fonts/Entypo.ttf"; sourceTree = "<group>"; fileEncoding = undefined; lastKnownFileType = unknown; explicitFileType = undefined; includeInIndex = 0; };
		EC9B1E048F6A4C71939F8966 /* EvilIcons.ttf */ = {isa = PBXFileReference; name = "EvilIcons.ttf"; path = "../node_modules/react-native-vector-icons/Fonts/EvilIcons.ttf"; sourceTree = "<group>"; fileEncoding = undefined; lastKnownFileType = unknown; explicitFileType = undefined; includeInIndex = 0; };
		E3EBDC5F6E674B4CBDD425FA /* Feather.ttf */ = {isa = PBXFileReference; name = "Feather.ttf"; path = "../node_modules/react-native-vector-icons/Fonts/Feather.ttf"; sourceTree = "<group>"; fileEncoding = undefined; lastKnownFileType = unknown; explicitFileType = undefined; includeInIndex = 0; };
		CFE13BA7A260482DB3B0F512 /* FontAwesome.ttf */ = {isa = PBXFileReference; name = "FontAwesome.ttf"; path = "../node_modules/react-native-vector-icons/Fonts/FontAwesome.ttf"; sourceTree = "<group>"; fileEncoding = undefined; lastKnownFileType = unknown; explicitFileType = undefined; includeInIndex = 0; };
		F0C80BCDEEA44D649C2291A2 /* FontAwesome5_Brands.ttf */ = {isa = PBXFileReference; name = "FontAwesome5_Brands.ttf"; path = "../node_modules/react-native-vector-icons/Fonts/FontAwesome5_Brands.ttf"; sourceTree = "<group>"; fileEncoding = undefined; lastKnownFileType = unknown; explicitFileType = undefined; includeInIndex = 0; };
		18E4C31938D14082A8E5180B /* FontAwesome5_Regular.ttf */ = {isa = PBXFileReference; name = "FontAwesome5_Regular.ttf"; path = "../node_modules/react-native-vector-icons/Fonts/FontAwesome5_Regular.ttf"; sourceTree = "<group>"; fileEncoding = undefined; lastKnownFileType = unknown; explicitFileType = undefined; includeInIndex = 0; };
		86B4FBE3016A4688A64FC19D /* FontAwesome5_Solid.ttf */ = {isa = PBXFileReference; name = "FontAwesome5_Solid.ttf"; path = "../node_modules/react-native-vector-icons/Fonts/FontAwesome5_Solid.ttf"; sourceTree = "<group>"; fileEncoding = undefined; lastKnownFileType = unknown; explicitFileType = undefined; includeInIndex = 0; };
		43EA51D1A09F4118B2B22A27 /* Fontisto.ttf */ = {isa = PBXFileReference; name = "Fontisto.ttf"; path = "../node_modules/react-native-vector-icons/Fonts/Fontisto.ttf"; sourceTree = "<group>"; fileEncoding = undefined; lastKnownFileType = unknown; explicitFileType = undefined; includeInIndex = 0; };
		04C046FD83D9478789BC2FA0 /* Foundation.ttf */ = {isa = PBXFileReference; name = "Foundation.ttf"; path = "../node_modules/react-native-vector-icons/Fonts/Foundation.ttf"; sourceTree = "<group>"; fileEncoding = undefined; lastKnownFileType = unknown; explicitFileType = undefined; includeInIndex = 0; };
		B62B91D262CC4E259CD11411 /* Ionicons.ttf */ = {isa = PBXFileReference; name = "Ionicons.ttf"; path = "../node_modules/react-native-vector-icons/Fonts/Ionicons.ttf"; sourceTree = "<group>"; fileEncoding = undefined; lastKnownFileType = unknown; explicitFileType = undefined; includeInIndex = 0; };
		04652D95450B46488BE27064 /* MaterialCommunityIcons.ttf */ = {isa = PBXFileReference; name = "MaterialCommunityIcons.ttf"; path = "../node_modules/react-native-vector-icons/Fonts/MaterialCommunityIcons.ttf"; sourceTree = "<group>"; fileEncoding = undefined; lastKnownFileType = unknown; explicitFileType = undefined; includeInIndex = 0; };
		7CE43519CE0049E7B4A4C7D9 /* MaterialIcons.ttf */ = {isa = PBXFileReference; name = "MaterialIcons.ttf"; path = "../node_modules/react-native-vector-icons/Fonts/MaterialIcons.ttf"; sourceTree = "<group>"; fileEncoding = undefined; lastKnownFileType = unknown; explicitFileType = undefined; includeInIndex = 0; };
		F7C5FE92AF174564A75E76FE /* Octicons.ttf */ = {isa = PBXFileReference; name = "Octicons.ttf"; path = "../node_modules/react-native-vector-icons/Fonts/Octicons.ttf"; sourceTree = "<group>"; fileEncoding = undefined; lastKnownFileType = unknown; explicitFileType = undefined; includeInIndex = 0; };
		75EC04C04CDA4D2790826383 /* SimpleLineIcons.ttf */ = {isa = PBXFileReference; name = "SimpleLineIcons.ttf"; path = "../node_modules/react-native-vector-icons/Fonts/SimpleLineIcons.ttf"; sourceTree = "<group>"; fileEncoding = undefined; lastKnownFileType = unknown; explicitFileType = undefined; includeInIndex = 0; };
		CAF0393A05F74C04982DAB51 /* Zocial.ttf */ = {isa = PBXFileReference; name = "Zocial.ttf"; path = "../node_modules/react-native-vector-icons/Fonts/Zocial.ttf"; sourceTree = "<group>"; fileEncoding = undefined; lastKnownFileType = unknown; explicitFileType = undefined; includeInIndex = 0; };
		7CE2886F94EF4DF895D45BA7 /* AntDesign.ttf */ = {isa = PBXFileReference; name = "AntDesign.ttf"; path = "../node_modules/native-base/Fonts/AntDesign.ttf"; sourceTree = "<group>"; fileEncoding = undefined; lastKnownFileType = unknown; explicitFileType = undefined; includeInIndex = 0; };
		43844B60C3004FCC930D40D4 /* Entypo.ttf */ = {isa = PBXFileReference; name = "Entypo.ttf"; path = "../node_modules/native-base/Fonts/Entypo.ttf"; sourceTree = "<group>"; fileEncoding = undefined; lastKnownFileType = unknown; explicitFileType = undefined; includeInIndex = 0; };
		876E31E5BD8B461E8B001386 /* EvilIcons.ttf */ = {isa = PBXFileReference; name = "EvilIcons.ttf"; path = "../node_modules/native-base/Fonts/EvilIcons.ttf"; sourceTree = "<group>"; fileEncoding = undefined; lastKnownFileType = unknown; explicitFileType = undefined; includeInIndex = 0; };
		289460A9ED2E456CA8492FE8 /* Feather.ttf */ = {isa = PBXFileReference; name = "Feather.ttf"; path = "../node_modules/native-base/Fonts/Feather.ttf"; sourceTree = "<group>"; fileEncoding = undefined; lastKnownFileType = unknown; explicitFileType = undefined; includeInIndex = 0; };
		CF7942B3FCE047FDB6CCFF0D /* FontAwesome.ttf */ = {isa = PBXFileReference; name = "FontAwesome.ttf"; path = "../node_modules/native-base/Fonts/FontAwesome.ttf"; sourceTree = "<group>"; fileEncoding = undefined; lastKnownFileType = unknown; explicitFileType = undefined; includeInIndex = 0; };
		3426B577461E44DFA215D0EE /* FontAwesome5_Brands.ttf */ = {isa = PBXFileReference; name = "FontAwesome5_Brands.ttf"; path = "../node_modules/native-base/Fonts/FontAwesome5_Brands.ttf"; sourceTree = "<group>"; fileEncoding = undefined; lastKnownFileType = unknown; explicitFileType = undefined; includeInIndex = 0; };
		531A3609054448E780C68BD2 /* FontAwesome5_Regular.ttf */ = {isa = PBXFileReference; name = "FontAwesome5_Regular.ttf"; path = "../node_modules/native-base/Fonts/FontAwesome5_Regular.ttf"; sourceTree = "<group>"; fileEncoding = undefined; lastKnownFileType = unknown; explicitFileType = undefined; includeInIndex = 0; };
		8FB48B52012C4AB49FAB180B /* FontAwesome5_Solid.ttf */ = {isa = PBXFileReference; name = "FontAwesome5_Solid.ttf"; path = "../node_modules/native-base/Fonts/FontAwesome5_Solid.ttf"; sourceTree = "<group>"; fileEncoding = undefined; lastKnownFileType = unknown; explicitFileType = undefined; includeInIndex = 0; };
		0D05F1C6957C4334BFE6EAA7 /* Fontisto.ttf */ = {isa = PBXFileReference; name = "Fontisto.ttf"; path = "../node_modules/native-base/Fonts/Fontisto.ttf"; sourceTree = "<group>"; fileEncoding = undefined; lastKnownFileType = unknown; explicitFileType = undefined; includeInIndex = 0; };
		E970B1BC6A1942A9849C2142 /* Foundation.ttf */ = {isa = PBXFileReference; name = "Foundation.ttf"; path = "../node_modules/native-base/Fonts/Foundation.ttf"; sourceTree = "<group>"; fileEncoding = undefined; lastKnownFileType = unknown; explicitFileType = undefined; includeInIndex = 0; };
		D5D773575F8D4CCE93B8021F /* Ionicons.ttf */ = {isa = PBXFileReference; name = "Ionicons.ttf"; path = "../node_modules/native-base/Fonts/Ionicons.ttf"; sourceTree = "<group>"; fileEncoding = undefined; lastKnownFileType = unknown; explicitFileType = undefined; includeInIndex = 0; };
		F25C0A39DC764B1495B388FF /* MaterialCommunityIcons.ttf */ = {isa = PBXFileReference; name = "MaterialCommunityIcons.ttf"; path = "../node_modules/native-base/Fonts/MaterialCommunityIcons.ttf"; sourceTree = "<group>"; fileEncoding = undefined; lastKnownFileType = unknown; explicitFileType = undefined; includeInIndex = 0; };
		5FB235E5BE2A4B52BEAFE002 /* MaterialIcons.ttf */ = {isa = PBXFileReference; name = "MaterialIcons.ttf"; path = "../node_modules/native-base/Fonts/MaterialIcons.ttf"; sourceTree = "<group>"; fileEncoding = undefined; lastKnownFileType = unknown; explicitFileType = undefined; includeInIndex = 0; };
		94270A368F994AC1A5554D15 /* Octicons.ttf */ = {isa = PBXFileReference; name = "Octicons.ttf"; path = "../node_modules/native-base/Fonts/Octicons.ttf"; sourceTree = "<group>"; fileEncoding = undefined; lastKnownFileType = unknown; explicitFileType = undefined; includeInIndex = 0; };
		DD12079FB81A464095988ABB /* Roboto_medium.ttf */ = {isa = PBXFileReference; name = "Roboto_medium.ttf"; path = "../node_modules/native-base/Fonts/Roboto_medium.ttf"; sourceTree = "<group>"; fileEncoding = undefined; lastKnownFileType = unknown; explicitFileType = undefined; includeInIndex = 0; };
		583487D87D7A413CA68F73B0 /* Roboto.ttf */ = {isa = PBXFileReference; name = "Roboto.ttf"; path = "../node_modules/native-base/Fonts/Roboto.ttf"; sourceTree = "<group>"; fileEncoding = undefined; lastKnownFileType = unknown; explicitFileType = undefined; includeInIndex = 0; };
		8B22F137282949C1A308BB00 /* rubicon-icon-font.ttf */ = {isa = PBXFileReference; name = "rubicon-icon-font.ttf"; path = "../node_modules/native-base/Fonts/rubicon-icon-font.ttf"; sourceTree = "<group>"; fileEncoding = undefined; lastKnownFileType = unknown; explicitFileType = undefined; includeInIndex = 0; };
		A70DAAD173F64EA6B14388C5 /* SimpleLineIcons.ttf */ = {isa = PBXFileReference; name = "SimpleLineIcons.ttf"; path = "../node_modules/native-base/Fonts/SimpleLineIcons.ttf"; sourceTree = "<group>"; fileEncoding = undefined; lastKnownFileType = unknown; explicitFileType = undefined; includeInIndex = 0; };
		2D346425B3344E91B1186DB7 /* Zocial.ttf */ = {isa = PBXFileReference; name = "Zocial.ttf"; path = "../node_modules/native-base/Fonts/Zocial.ttf"; sourceTree = "<group>"; fileEncoding = undefined; lastKnownFileType = unknown; explicitFileType = undefined; includeInIndex = 0; };
/* End PBXFileReference section */

/* Begin PBXFrameworksBuildPhase section */
		13B07F8C1A680F5B00A75B9A /* Frameworks */ = {
			isa = PBXFrameworksBuildPhase;
			buildActionMask = 2147483647;
			files = (
				4EF9619E820E481D83482037 /* libPods-MyInfo.a in Frameworks */,
			);
			runOnlyForDeploymentPostprocessing = 0;
		};
		2D02E4781E0B4A5D006451C7 /* Frameworks */ = {
			isa = PBXFrameworksBuildPhase;
			buildActionMask = 2147483647;
			files = (
				F5A83711F6AE908B6D357C7F /* libPods-MyInfo-tvOS.a in Frameworks */,
			);
			runOnlyForDeploymentPostprocessing = 0;
		};
/* End PBXFrameworksBuildPhase section */

/* Begin PBXGroup section */
		00E356EF1AD99517003FC87E /* MyInfoTests */ = {
			isa = PBXGroup;
			children = (
				00E356F21AD99517003FC87E /* MyInfoTests.m */,
				00E356F01AD99517003FC87E /* Supporting Files */,
			);
			path = MyInfoTests;
			sourceTree = "<group>";
		};
		00E356F01AD99517003FC87E /* Supporting Files */ = {
			isa = PBXGroup;
			children = (
				00E356F11AD99517003FC87E /* Info.plist */,
			);
			name = "Supporting Files";
			sourceTree = "<group>";
		};
		13B07FAE1A68108700A75B9A /* MyInfo */ = {
			isa = PBXGroup;
			children = (
				008F07F21AC5B25A0029DE68 /* main.jsbundle */,
				13B07FAF1A68108700A75B9A /* AppDelegate.h */,
				13B07FB01A68108700A75B9A /* AppDelegate.m */,
				13B07FB51A68108700A75B9A /* Images.xcassets */,
				13B07FB61A68108700A75B9A /* Info.plist */,
				13B07FB11A68108700A75B9A /* LaunchScreen.xib */,
				13B07FB71A68108700A75B9A /* main.m */,
			);
			name = MyInfo;
			sourceTree = "<group>";
		};
		2D16E6871FA4F8E400B85C8A /* Frameworks */ = {
			isa = PBXGroup;
			children = (
				ED297162215061F000B7C4FE /* JavaScriptCore.framework */,
				ED2971642150620600B7C4FE /* JavaScriptCore.framework */,
				4EB750B9D03A8BD213E4CF6E /* libPods-MyInfo.a */,
				ECBBF454196BE3E77E85A885 /* libPods-MyInfo-MyInfoTests.a */,
				FD78189CCA22381C6FAEE181 /* libPods-MyInfo-tvOS.a */,
				ECBC94C39897F2D8791EE9B6 /* libPods-MyInfo-tvOSTests.a */,
			);
			name = Frameworks;
			sourceTree = "<group>";
		};
		309815287C9C2D9704E03825 /* Pods */ = {
			isa = PBXGroup;
			children = (
				2475611177491963F7D0478E /* Pods-MyInfo.debug.xcconfig */,
				4E744C60E89EBA5B04E10AFE /* Pods-MyInfo.release.xcconfig */,
				7879A39558F5CA1287D2D5DE /* Pods-MyInfo-MyInfoTests.debug.xcconfig */,
				7E9CCA097190C183A83C3898 /* Pods-MyInfo-MyInfoTests.release.xcconfig */,
				D682ABFA739FCEEA60DA4BCF /* Pods-MyInfo-tvOS.debug.xcconfig */,
				7C7F3BB9B7B826853087B3BC /* Pods-MyInfo-tvOS.release.xcconfig */,
				22A8114BB9441642A0226F90 /* Pods-MyInfo-tvOSTests.debug.xcconfig */,
				DC97DABA53209A7C4CD69B3C /* Pods-MyInfo-tvOSTests.release.xcconfig */,
			);
			path = Pods;
			sourceTree = "<group>";
		};
		832341AE1AAA6A7D00B99B32 /* Libraries */ = {
			isa = PBXGroup;
			children = (
			);
			name = Libraries;
			sourceTree = "<group>";
		};
		83CBB9F61A601CBA00E9B192 = {
			isa = PBXGroup;
			children = (
				13B07FAE1A68108700A75B9A /* MyInfo */,
				832341AE1AAA6A7D00B99B32 /* Libraries */,
				00E356EF1AD99517003FC87E /* MyInfoTests */,
				83CBBA001A601CBA00E9B192 /* Products */,
				2D16E6871FA4F8E400B85C8A /* Frameworks */,
				309815287C9C2D9704E03825 /* Pods */,
				1952960E114846E89701E3EA /* Resources */,
			);
			indentWidth = 2;
			sourceTree = "<group>";
			tabWidth = 2;
			usesTabs = 0;
		};
		83CBBA001A601CBA00E9B192 /* Products */ = {
			isa = PBXGroup;
			children = (
				13B07F961A680F5B00A75B9A /* MyInfo.app */,
				2D02E47B1E0B4A5D006451C7 /* MyInfo-tvOS.app */,
			);
			name = Products;
			sourceTree = "<group>";
		};
		1952960E114846E89701E3EA /* Resources */ = {
			isa = "PBXGroup";
			children = (
				197602A9F1254AFF92D636CD /* AntDesign.ttf */,
				CE0559EA5C954FF0AE201216 /* Entypo.ttf */,
				EC9B1E048F6A4C71939F8966 /* EvilIcons.ttf */,
				E3EBDC5F6E674B4CBDD425FA /* Feather.ttf */,
				CFE13BA7A260482DB3B0F512 /* FontAwesome.ttf */,
				F0C80BCDEEA44D649C2291A2 /* FontAwesome5_Brands.ttf */,
				18E4C31938D14082A8E5180B /* FontAwesome5_Regular.ttf */,
				86B4FBE3016A4688A64FC19D /* FontAwesome5_Solid.ttf */,
				43EA51D1A09F4118B2B22A27 /* Fontisto.ttf */,
				04C046FD83D9478789BC2FA0 /* Foundation.ttf */,
				B62B91D262CC4E259CD11411 /* Ionicons.ttf */,
				04652D95450B46488BE27064 /* MaterialCommunityIcons.ttf */,
				7CE43519CE0049E7B4A4C7D9 /* MaterialIcons.ttf */,
				F7C5FE92AF174564A75E76FE /* Octicons.ttf */,
				75EC04C04CDA4D2790826383 /* SimpleLineIcons.ttf */,
				CAF0393A05F74C04982DAB51 /* Zocial.ttf */,
				7CE2886F94EF4DF895D45BA7 /* AntDesign.ttf */,
				43844B60C3004FCC930D40D4 /* Entypo.ttf */,
				876E31E5BD8B461E8B001386 /* EvilIcons.ttf */,
				289460A9ED2E456CA8492FE8 /* Feather.ttf */,
				CF7942B3FCE047FDB6CCFF0D /* FontAwesome.ttf */,
				3426B577461E44DFA215D0EE /* FontAwesome5_Brands.ttf */,
				531A3609054448E780C68BD2 /* FontAwesome5_Regular.ttf */,
				8FB48B52012C4AB49FAB180B /* FontAwesome5_Solid.ttf */,
				0D05F1C6957C4334BFE6EAA7 /* Fontisto.ttf */,
				E970B1BC6A1942A9849C2142 /* Foundation.ttf */,
				D5D773575F8D4CCE93B8021F /* Ionicons.ttf */,
				F25C0A39DC764B1495B388FF /* MaterialCommunityIcons.ttf */,
				5FB235E5BE2A4B52BEAFE002 /* MaterialIcons.ttf */,
				94270A368F994AC1A5554D15 /* Octicons.ttf */,
				DD12079FB81A464095988ABB /* Roboto_medium.ttf */,
				583487D87D7A413CA68F73B0 /* Roboto.ttf */,
				8B22F137282949C1A308BB00 /* rubicon-icon-font.ttf */,
				A70DAAD173F64EA6B14388C5 /* SimpleLineIcons.ttf */,
				2D346425B3344E91B1186DB7 /* Zocial.ttf */,
			);
			name = Resources;
			sourceTree = "<group>";
			path = "";
		};
/* End PBXGroup section */

/* Begin PBXNativeTarget section */
		13B07F861A680F5B00A75B9A /* MyInfo */ = {
			isa = PBXNativeTarget;
			buildConfigurationList = 13B07F931A680F5B00A75B9A /* Build configuration list for PBXNativeTarget "MyInfo" */;
			buildPhases = (
				0086B5B9074A8AD05B4DE41F /* [CP] Check Pods Manifest.lock */,
				FD10A7F022414F080027D42C /* Start Packager */,
				13B07F871A680F5B00A75B9A /* Sources */,
				13B07F8C1A680F5B00A75B9A /* Frameworks */,
				13B07F8E1A680F5B00A75B9A /* Resources */,
				00DD1BFF1BD5951E006B06BC /* Bundle React Native code and images */,
			);
			buildRules = (
			);
			dependencies = (
			);
			name = MyInfo;
			productName = MyInfo;
			productReference = 13B07F961A680F5B00A75B9A /* MyInfo.app */;
			productType = "com.apple.product-type.application";
		};
		2D02E47A1E0B4A5D006451C7 /* MyInfo-tvOS */ = {
			isa = PBXNativeTarget;
			buildConfigurationList = 2D02E4BA1E0B4A5E006451C7 /* Build configuration list for PBXNativeTarget "MyInfo-tvOS" */;
			buildPhases = (
				801C33595E49E37AF7D2830D /* [CP] Check Pods Manifest.lock */,
				FD10A7F122414F3F0027D42C /* Start Packager */,
				2D02E4771E0B4A5D006451C7 /* Sources */,
				2D02E4781E0B4A5D006451C7 /* Frameworks */,
				2D02E4791E0B4A5D006451C7 /* Resources */,
				2D02E4CB1E0B4B27006451C7 /* Bundle React Native Code And Images */,
			);
			buildRules = (
			);
			dependencies = (
			);
			name = "MyInfo-tvOS";
			productName = "MyInfo-tvOS";
			productReference = 2D02E47B1E0B4A5D006451C7 /* MyInfo-tvOS.app */;
			productType = "com.apple.product-type.application";
		};
/* End PBXNativeTarget section */

/* Begin PBXProject section */
		83CBB9F71A601CBA00E9B192 /* Project object */ = {
			isa = PBXProject;
			attributes = {
				LastUpgradeCheck = 1130;
				TargetAttributes = {
					13B07F861A680F5B00A75B9A = {
						LastSwiftMigration = 1120;
						ProvisioningStyle = Manual;
					};
					2D02E47A1E0B4A5D006451C7 = {
						CreatedOnToolsVersion = 8.2.1;
						ProvisioningStyle = Manual;
					};
				};
			};
			buildConfigurationList = 83CBB9FA1A601CBA00E9B192 /* Build configuration list for PBXProject "MyInfo" */;
			compatibilityVersion = "Xcode 3.2";
			developmentRegion = en;
			hasScannedForEncodings = 0;
			knownRegions = (
				en,
				Base,
			);
			mainGroup = 83CBB9F61A601CBA00E9B192;
			productRefGroup = 83CBBA001A601CBA00E9B192 /* Products */;
			projectDirPath = "";
			projectRoot = "";
			targets = (
				13B07F861A680F5B00A75B9A /* MyInfo */,
				2D02E47A1E0B4A5D006451C7 /* MyInfo-tvOS */,
			);
		};
/* End PBXProject section */

/* Begin PBXResourcesBuildPhase section */
		13B07F8E1A680F5B00A75B9A /* Resources */ = {
			isa = PBXResourcesBuildPhase;
			buildActionMask = 2147483647;
			files = (
				13B07FBF1A68108700A75B9A /* Images.xcassets in Resources */,
				13B07FBD1A68108700A75B9A /* LaunchScreen.xib in Resources */,
				CCE014544C3E4F26A2392CFE /* AntDesign.ttf in Resources */,
				780F640D7DBC463C826955C9 /* Entypo.ttf in Resources */,
				9A8E3555EC3545E487485CB7 /* EvilIcons.ttf in Resources */,
				8DE2F5F1123E4915A648C8CC /* Feather.ttf in Resources */,
				97FBA64521EE40E5918E9ABE /* FontAwesome.ttf in Resources */,
				8389A69FBC9A42C98663F3CF /* FontAwesome5_Brands.ttf in Resources */,
				41FA600986074C01A2694647 /* FontAwesome5_Regular.ttf in Resources */,
				4C97046AAC654AA1AD754096 /* FontAwesome5_Solid.ttf in Resources */,
				E24EB3FB2A5B4EE29A856C72 /* Fontisto.ttf in Resources */,
				D126727646D44228A7C03BA3 /* Foundation.ttf in Resources */,
				46CC41979F184B60A39ADE70 /* Ionicons.ttf in Resources */,
				56D24F3A8A9648A688B91F67 /* MaterialCommunityIcons.ttf in Resources */,
				0F80208C752A412CB4D3F0FE /* MaterialIcons.ttf in Resources */,
				F71D12145BED43B5A4AB36C4 /* Octicons.ttf in Resources */,
				1AAB126939124B1191B9AD9C /* SimpleLineIcons.ttf in Resources */,
				9E1FA0B28FFC45CA8FBDFD4E /* Zocial.ttf in Resources */,
				DB2AF19FDBEF4567B3DAE88D /* AntDesign.ttf in Resources */,
				3E00B6E3FA47419F8B8AD0B4 /* Entypo.ttf in Resources */,
				7E01DCCC9671475AA7B54305 /* EvilIcons.ttf in Resources */,
				5A161A12C99944C6ABE55A35 /* Feather.ttf in Resources */,
				3A22081C909746CEA3786C89 /* FontAwesome.ttf in Resources */,
				065EAF8B2BCA4461ABF02887 /* FontAwesome5_Brands.ttf in Resources */,
				119174333C5F44E0AF6509F2 /* FontAwesome5_Regular.ttf in Resources */,
				610780069A5148D1AF90A08E /* FontAwesome5_Solid.ttf in Resources */,
				727C8CE4FF764CE99B0EF6B0 /* Fontisto.ttf in Resources */,
				BF2C631EB3D3412BB42E13A9 /* Foundation.ttf in Resources */,
				19F20A222FE342C28F3D05A1 /* Ionicons.ttf in Resources */,
				48741D5C9E5F449FBF63254E /* MaterialCommunityIcons.ttf in Resources */,
				BF200868AAA54A8888B46344 /* MaterialIcons.ttf in Resources */,
				0FFD3DDAF6EA404E971BF76C /* Octicons.ttf in Resources */,
				0E89E41112C84D02AC6576FA /* Roboto_medium.ttf in Resources */,
				FADB6ACFC3274491B56E00AC /* Roboto.ttf in Resources */,
				93B2199C7B6D4E55BE0D3A30 /* rubicon-icon-font.ttf in Resources */,
				CF27F7CBFC094AF890A8F6F0 /* SimpleLineIcons.ttf in Resources */,
				631706A457A34A98BC6DC551 /* Zocial.ttf in Resources */,
			);
			runOnlyForDeploymentPostprocessing = 0;
		};
		2D02E4791E0B4A5D006451C7 /* Resources */ = {
			isa = PBXResourcesBuildPhase;
			buildActionMask = 2147483647;
			files = (
				2D02E4BD1E0B4A84006451C7 /* Images.xcassets in Resources */,
			);
			runOnlyForDeploymentPostprocessing = 0;
		};
/* End PBXResourcesBuildPhase section */

/* Begin PBXShellScriptBuildPhase section */
		0086B5B9074A8AD05B4DE41F /* [CP] Check Pods Manifest.lock */ = {
			isa = PBXShellScriptBuildPhase;
			buildActionMask = 2147483647;
			files = (
			);
			inputFileListPaths = (
			);
			inputPaths = (
				"${PODS_PODFILE_DIR_PATH}/Podfile.lock",
				"${PODS_ROOT}/Manifest.lock",
			);
			name = "[CP] Check Pods Manifest.lock";
			outputFileListPaths = (
			);
			outputPaths = (
				"$(DERIVED_FILE_DIR)/Pods-MyInfo-checkManifestLockResult.txt",
			);
			runOnlyForDeploymentPostprocessing = 0;
			shellPath = /bin/sh;
			shellScript = "diff \"${PODS_PODFILE_DIR_PATH}/Podfile.lock\" \"${PODS_ROOT}/Manifest.lock\" > /dev/null\nif [ $? != 0 ] ; then\n    # print error to STDERR\n    echo \"error: The sandbox is not in sync with the Podfile.lock. Run 'pod install' or update your CocoaPods installation.\" >&2\n    exit 1\nfi\n# This output is used by Xcode 'outputs' to avoid re-running this script phase.\necho \"SUCCESS\" > \"${SCRIPT_OUTPUT_FILE_0}\"\n";
			showEnvVarsInLog = 0;
		};
		00DD1BFF1BD5951E006B06BC /* Bundle React Native code and images */ = {
			isa = PBXShellScriptBuildPhase;
			buildActionMask = 2147483647;
			files = (
			);
			inputPaths = (
			);
			name = "Bundle React Native code and images";
			outputPaths = (
			);
			runOnlyForDeploymentPostprocessing = 0;
			shellPath = /bin/sh;
			shellScript = "export NODE_BINARY=node\n../node_modules/react-native/scripts/react-native-xcode.sh";
		};
		2D02E4CB1E0B4B27006451C7 /* Bundle React Native Code And Images */ = {
			isa = PBXShellScriptBuildPhase;
			buildActionMask = 2147483647;
			files = (
			);
			inputPaths = (
			);
			name = "Bundle React Native Code And Images";
			outputPaths = (
			);
			runOnlyForDeploymentPostprocessing = 0;
			shellPath = /bin/sh;
			shellScript = "export NODE_BINARY=node\n../node_modules/react-native/scripts/react-native-xcode.sh";
		};
		801C33595E49E37AF7D2830D /* [CP] Check Pods Manifest.lock */ = {
			isa = PBXShellScriptBuildPhase;
			buildActionMask = 2147483647;
			files = (
			);
			inputFileListPaths = (
			);
			inputPaths = (
				"${PODS_PODFILE_DIR_PATH}/Podfile.lock",
				"${PODS_ROOT}/Manifest.lock",
			);
			name = "[CP] Check Pods Manifest.lock";
			outputFileListPaths = (
			);
			outputPaths = (
				"$(DERIVED_FILE_DIR)/Pods-MyInfo-tvOS-checkManifestLockResult.txt",
			);
			runOnlyForDeploymentPostprocessing = 0;
			shellPath = /bin/sh;
			shellScript = "diff \"${PODS_PODFILE_DIR_PATH}/Podfile.lock\" \"${PODS_ROOT}/Manifest.lock\" > /dev/null\nif [ $? != 0 ] ; then\n    # print error to STDERR\n    echo \"error: The sandbox is not in sync with the Podfile.lock. Run 'pod install' or update your CocoaPods installation.\" >&2\n    exit 1\nfi\n# This output is used by Xcode 'outputs' to avoid re-running this script phase.\necho \"SUCCESS\" > \"${SCRIPT_OUTPUT_FILE_0}\"\n";
			showEnvVarsInLog = 0;
		};
		FD10A7F022414F080027D42C /* Start Packager */ = {
			isa = PBXShellScriptBuildPhase;
			buildActionMask = 2147483647;
			files = (
			);
			inputFileListPaths = (
			);
			inputPaths = (
			);
			name = "Start Packager";
			outputFileListPaths = (
			);
			outputPaths = (
			);
			runOnlyForDeploymentPostprocessing = 0;
			shellPath = /bin/sh;
			shellScript = "export RCT_METRO_PORT=\"${RCT_METRO_PORT:=8081}\"\necho \"export RCT_METRO_PORT=${RCT_METRO_PORT}\" > \"${SRCROOT}/../node_modules/react-native/scripts/.packager.env\"\nif [ -z \"${RCT_NO_LAUNCH_PACKAGER+xxx}\" ] ; then\n  if nc -w 5 -z localhost ${RCT_METRO_PORT} ; then\n    if ! curl -s \"http://localhost:${RCT_METRO_PORT}/status\" | grep -q \"packager-status:running\" ; then\n      echo \"Port ${RCT_METRO_PORT} already in use, packager is either not running or not running correctly\"\n      exit 2\n    fi\n  else\n    open \"$SRCROOT/../node_modules/react-native/scripts/launchPackager.command\" || echo \"Can't start packager automatically\"\n  fi\nfi\n";
			showEnvVarsInLog = 0;
		};
		FD10A7F122414F3F0027D42C /* Start Packager */ = {
			isa = PBXShellScriptBuildPhase;
			buildActionMask = 2147483647;
			files = (
			);
			inputFileListPaths = (
			);
			inputPaths = (
			);
			name = "Start Packager";
			outputFileListPaths = (
			);
			outputPaths = (
			);
			runOnlyForDeploymentPostprocessing = 0;
			shellPath = /bin/sh;
			shellScript = "export RCT_METRO_PORT=\"${RCT_METRO_PORT:=8081}\"\necho \"export RCT_METRO_PORT=${RCT_METRO_PORT}\" > \"${SRCROOT}/../node_modules/react-native/scripts/.packager.env\"\nif [ -z \"${RCT_NO_LAUNCH_PACKAGER+xxx}\" ] ; then\n  if nc -w 5 -z localhost ${RCT_METRO_PORT} ; then\n    if ! curl -s \"http://localhost:${RCT_METRO_PORT}/status\" | grep -q \"packager-status:running\" ; then\n      echo \"Port ${RCT_METRO_PORT} already in use, packager is either not running or not running correctly\"\n      exit 2\n    fi\n  else\n    open \"$SRCROOT/../node_modules/react-native/scripts/launchPackager.command\" || echo \"Can't start packager automatically\"\n  fi\nfi\n";
			showEnvVarsInLog = 0;
		};
/* End PBXShellScriptBuildPhase section */

/* Begin PBXSourcesBuildPhase section */
		13B07F871A680F5B00A75B9A /* Sources */ = {
			isa = PBXSourcesBuildPhase;
			buildActionMask = 2147483647;
			files = (
				13B07FBC1A68108700A75B9A /* AppDelegate.m in Sources */,
				13B07FC11A68108700A75B9A /* main.m in Sources */,
			);
			runOnlyForDeploymentPostprocessing = 0;
		};
		2D02E4771E0B4A5D006451C7 /* Sources */ = {
			isa = PBXSourcesBuildPhase;
			buildActionMask = 2147483647;
			files = (
				2D02E4BF1E0B4AB3006451C7 /* main.m in Sources */,
				2D02E4BC1E0B4A80006451C7 /* AppDelegate.m in Sources */,
			);
			runOnlyForDeploymentPostprocessing = 0;
		};
/* End PBXSourcesBuildPhase section */

/* Begin PBXVariantGroup section */
		13B07FB11A68108700A75B9A /* LaunchScreen.xib */ = {
			isa = PBXVariantGroup;
			children = (
				13B07FB21A68108700A75B9A /* Base */,
			);
			name = LaunchScreen.xib;
			path = MyInfo;
			sourceTree = "<group>";
		};
/* End PBXVariantGroup section */

/* Begin XCBuildConfiguration section */
		13B07F941A680F5B00A75B9A /* Debug */ = {
			isa = XCBuildConfiguration;
			baseConfigurationReference = 2475611177491963F7D0478E /* Pods-MyInfo.debug.xcconfig */;
			buildSettings = {
				ASSETCATALOG_COMPILER_APPICON_NAME = AppIcon;
				CLANG_ENABLE_MODULES = YES;
				CODE_SIGN_STYLE = Manual;
				CURRENT_PROJECT_VERSION = 1;
				DEVELOPMENT_TEAM = "";
				ENABLE_BITCODE = NO;
				GCC_PREPROCESSOR_DEFINITIONS = (
					"$(inherited)",
					"FB_SONARKIT_ENABLED=1",
				);
				INFOPLIST_FILE = MyInfo/Info.plist;
				LD_RUNPATH_SEARCH_PATHS = "$(inherited) @executable_path/Frameworks";
				OTHER_LDFLAGS = (
					"$(inherited)",
					"-ObjC",
					"-lc++",
				);
				PRODUCT_BUNDLE_IDENTIFIER = "org.reactjs.native.example.$(PRODUCT_NAME:rfc1034identifier)";
				PRODUCT_NAME = MyInfo;
				PROVISIONING_PROFILE_SPECIFIER = "";
				SWIFT_OPTIMIZATION_LEVEL = "-Onone";
				SWIFT_VERSION = 5.0;
				VERSIONING_SYSTEM = "apple-generic";
			};
			name = Debug;
		};
		13B07F951A680F5B00A75B9A /* Release */ = {
			isa = XCBuildConfiguration;
			baseConfigurationReference = 4E744C60E89EBA5B04E10AFE /* Pods-MyInfo.release.xcconfig */;
			buildSettings = {
				ASSETCATALOG_COMPILER_APPICON_NAME = AppIcon;
				CLANG_ENABLE_MODULES = YES;
				CODE_SIGN_STYLE = Manual;
				CURRENT_PROJECT_VERSION = 1;
				DEVELOPMENT_TEAM = "";
				INFOPLIST_FILE = MyInfo/Info.plist;
				LD_RUNPATH_SEARCH_PATHS = "$(inherited) @executable_path/Frameworks";
				OTHER_LDFLAGS = (
					"$(inherited)",
					"-ObjC",
					"-lc++",
				);
				PRODUCT_BUNDLE_IDENTIFIER = "org.reactjs.native.example.$(PRODUCT_NAME:rfc1034identifier)";
				PRODUCT_NAME = MyInfo;
				PROVISIONING_PROFILE_SPECIFIER = "";
				SWIFT_VERSION = 5.0;
				VERSIONING_SYSTEM = "apple-generic";
			};
			name = Release;
		};
		2D02E4971E0B4A5E006451C7 /* Debug */ = {
			isa = XCBuildConfiguration;
			baseConfigurationReference = D682ABFA739FCEEA60DA4BCF /* Pods-MyInfo-tvOS.debug.xcconfig */;
			buildSettings = {
				ASSETCATALOG_COMPILER_APPICON_NAME = "App Icon & Top Shelf Image";
				ASSETCATALOG_COMPILER_LAUNCHIMAGE_NAME = LaunchImage;
				CLANG_ANALYZER_NONNULL = YES;
				CLANG_WARN_DOCUMENTATION_COMMENTS = YES;
				CLANG_WARN_INFINITE_RECURSION = YES;
				CLANG_WARN_SUSPICIOUS_MOVE = YES;
				CODE_SIGN_STYLE = Manual;
				DEBUG_INFORMATION_FORMAT = dwarf;
				DEVELOPMENT_TEAM = "";
				ENABLE_TESTABILITY = YES;
				GCC_NO_COMMON_BLOCKS = YES;
				INFOPLIST_FILE = "MyInfo-tvOS/Info.plist";
				LD_RUNPATH_SEARCH_PATHS = "$(inherited) @executable_path/Frameworks";
				OTHER_LDFLAGS = (
					"$(inherited)",
					"-ObjC",
					"-lc++",
				);
				PRODUCT_BUNDLE_IDENTIFIER = "org.reactjs.native.example.MyInfo-tvOS";
				PRODUCT_NAME = "$(TARGET_NAME)";
				PROVISIONING_PROFILE_SPECIFIER = "";
				SDKROOT = appletvos;
				TARGETED_DEVICE_FAMILY = 3;
				TVOS_DEPLOYMENT_TARGET = 9.2;
			};
			name = Debug;
		};
		2D02E4981E0B4A5E006451C7 /* Release */ = {
			isa = XCBuildConfiguration;
			baseConfigurationReference = 7C7F3BB9B7B826853087B3BC /* Pods-MyInfo-tvOS.release.xcconfig */;
			buildSettings = {
				ASSETCATALOG_COMPILER_APPICON_NAME = "App Icon & Top Shelf Image";
				ASSETCATALOG_COMPILER_LAUNCHIMAGE_NAME = LaunchImage;
				CLANG_ANALYZER_NONNULL = YES;
				CLANG_WARN_DOCUMENTATION_COMMENTS = YES;
				CLANG_WARN_INFINITE_RECURSION = YES;
				CLANG_WARN_SUSPICIOUS_MOVE = YES;
				CODE_SIGN_STYLE = Manual;
				COPY_PHASE_STRIP = NO;
				DEBUG_INFORMATION_FORMAT = "dwarf-with-dsym";
				DEVELOPMENT_TEAM = "";
				GCC_NO_COMMON_BLOCKS = YES;
				INFOPLIST_FILE = "MyInfo-tvOS/Info.plist";
				LD_RUNPATH_SEARCH_PATHS = "$(inherited) @executable_path/Frameworks";
				OTHER_LDFLAGS = (
					"$(inherited)",
					"-ObjC",
					"-lc++",
				);
				PRODUCT_BUNDLE_IDENTIFIER = "org.reactjs.native.example.MyInfo-tvOS";
				PRODUCT_NAME = "$(TARGET_NAME)";
				PROVISIONING_PROFILE_SPECIFIER = "";
				SDKROOT = appletvos;
				TARGETED_DEVICE_FAMILY = 3;
				TVOS_DEPLOYMENT_TARGET = 9.2;
			};
			name = Release;
		};
		83CBBA201A601CBA00E9B192 /* Debug */ = {
			isa = XCBuildConfiguration;
			buildSettings = {
				ALWAYS_SEARCH_USER_PATHS = NO;
				CLANG_ANALYZER_LOCALIZABILITY_NONLOCALIZED = YES;
				CLANG_CXX_LANGUAGE_STANDARD = "gnu++0x";
				CLANG_CXX_LIBRARY = "libc++";
				CLANG_ENABLE_MODULES = YES;
				CLANG_ENABLE_OBJC_ARC = YES;
				CLANG_WARN_BLOCK_CAPTURE_AUTORELEASING = YES;
				CLANG_WARN_BOOL_CONVERSION = YES;
				CLANG_WARN_COMMA = YES;
				CLANG_WARN_CONSTANT_CONVERSION = YES;
				CLANG_WARN_DEPRECATED_OBJC_IMPLEMENTATIONS = YES;
				CLANG_WARN_DIRECT_OBJC_ISA_USAGE = YES_ERROR;
				CLANG_WARN_EMPTY_BODY = YES;
				CLANG_WARN_ENUM_CONVERSION = YES;
				CLANG_WARN_INFINITE_RECURSION = YES;
				CLANG_WARN_INT_CONVERSION = YES;
				CLANG_WARN_NON_LITERAL_NULL_CONVERSION = YES;
				CLANG_WARN_OBJC_IMPLICIT_RETAIN_SELF = YES;
				CLANG_WARN_OBJC_LITERAL_CONVERSION = YES;
				CLANG_WARN_OBJC_ROOT_CLASS = YES_ERROR;
				CLANG_WARN_RANGE_LOOP_ANALYSIS = YES;
				CLANG_WARN_STRICT_PROTOTYPES = YES;
				CLANG_WARN_SUSPICIOUS_MOVE = YES;
				CLANG_WARN_UNREACHABLE_CODE = YES;
				CLANG_WARN__DUPLICATE_METHOD_MATCH = YES;
				"CODE_SIGN_IDENTITY[sdk=iphoneos*]" = "iPhone Developer";
				COPY_PHASE_STRIP = NO;
				ENABLE_STRICT_OBJC_MSGSEND = YES;
				ENABLE_TESTABILITY = YES;
				GCC_C_LANGUAGE_STANDARD = gnu99;
				GCC_DYNAMIC_NO_PIC = NO;
				GCC_NO_COMMON_BLOCKS = YES;
				GCC_OPTIMIZATION_LEVEL = 0;
				GCC_PREPROCESSOR_DEFINITIONS = (
					"DEBUG=1",
					"$(inherited)",
				);
				GCC_SYMBOLS_PRIVATE_EXTERN = NO;
				GCC_WARN_64_TO_32_BIT_CONVERSION = YES;
				GCC_WARN_ABOUT_RETURN_TYPE = YES_ERROR;
				GCC_WARN_UNDECLARED_SELECTOR = YES;
				GCC_WARN_UNINITIALIZED_AUTOS = YES_AGGRESSIVE;
				GCC_WARN_UNUSED_FUNCTION = YES;
				GCC_WARN_UNUSED_VARIABLE = YES;
				IPHONEOS_DEPLOYMENT_TARGET = 9.0;
				LD_RUNPATH_SEARCH_PATHS = "/usr/lib/swift $(inherited)";
				LIBRARY_SEARCH_PATHS = (
					"\"$(TOOLCHAIN_DIR)/usr/lib/swift/$(PLATFORM_NAME)\"",
					"\"$(TOOLCHAIN_DIR)/usr/lib/swift-5.0/$(PLATFORM_NAME)\"",
					"\"$(inherited)\"",
				);
				MTL_ENABLE_DEBUG_INFO = YES;
				ONLY_ACTIVE_ARCH = YES;
				SDKROOT = iphoneos;
			};
			name = Debug;
		};
		83CBBA211A601CBA00E9B192 /* Release */ = {
			isa = XCBuildConfiguration;
			buildSettings = {
				ALWAYS_SEARCH_USER_PATHS = NO;
				CLANG_ANALYZER_LOCALIZABILITY_NONLOCALIZED = YES;
				CLANG_CXX_LANGUAGE_STANDARD = "gnu++0x";
				CLANG_CXX_LIBRARY = "libc++";
				CLANG_ENABLE_MODULES = YES;
				CLANG_ENABLE_OBJC_ARC = YES;
				CLANG_WARN_BLOCK_CAPTURE_AUTORELEASING = YES;
				CLANG_WARN_BOOL_CONVERSION = YES;
				CLANG_WARN_COMMA = YES;
				CLANG_WARN_CONSTANT_CONVERSION = YES;
				CLANG_WARN_DEPRECATED_OBJC_IMPLEMENTATIONS = YES;
				CLANG_WARN_DIRECT_OBJC_ISA_USAGE = YES_ERROR;
				CLANG_WARN_EMPTY_BODY = YES;
				CLANG_WARN_ENUM_CONVERSION = YES;
				CLANG_WARN_INFINITE_RECURSION = YES;
				CLANG_WARN_INT_CONVERSION = YES;
				CLANG_WARN_NON_LITERAL_NULL_CONVERSION = YES;
				CLANG_WARN_OBJC_IMPLICIT_RETAIN_SELF = YES;
				CLANG_WARN_OBJC_LITERAL_CONVERSION = YES;
				CLANG_WARN_OBJC_ROOT_CLASS = YES_ERROR;
				CLANG_WARN_RANGE_LOOP_ANALYSIS = YES;
				CLANG_WARN_STRICT_PROTOTYPES = YES;
				CLANG_WARN_SUSPICIOUS_MOVE = YES;
				CLANG_WARN_UNREACHABLE_CODE = YES;
				CLANG_WARN__DUPLICATE_METHOD_MATCH = YES;
				"CODE_SIGN_IDENTITY[sdk=iphoneos*]" = "iPhone Developer";
				COPY_PHASE_STRIP = YES;
				ENABLE_NS_ASSERTIONS = NO;
				ENABLE_STRICT_OBJC_MSGSEND = YES;
				GCC_C_LANGUAGE_STANDARD = gnu99;
				GCC_NO_COMMON_BLOCKS = YES;
				GCC_WARN_64_TO_32_BIT_CONVERSION = YES;
				GCC_WARN_ABOUT_RETURN_TYPE = YES_ERROR;
				GCC_WARN_UNDECLARED_SELECTOR = YES;
				GCC_WARN_UNINITIALIZED_AUTOS = YES_AGGRESSIVE;
				GCC_WARN_UNUSED_FUNCTION = YES;
				GCC_WARN_UNUSED_VARIABLE = YES;
				IPHONEOS_DEPLOYMENT_TARGET = 9.0;
				LD_RUNPATH_SEARCH_PATHS = "/usr/lib/swift $(inherited)";
				LIBRARY_SEARCH_PATHS = (
					"\"$(TOOLCHAIN_DIR)/usr/lib/swift/$(PLATFORM_NAME)\"",
					"\"$(TOOLCHAIN_DIR)/usr/lib/swift-5.0/$(PLATFORM_NAME)\"",
					"\"$(inherited)\"",
				);
				MTL_ENABLE_DEBUG_INFO = NO;
				SDKROOT = iphoneos;
				VALIDATE_PRODUCT = YES;
			};
			name = Release;
		};
/* End XCBuildConfiguration section */

/* Begin XCConfigurationList section */
		13B07F931A680F5B00A75B9A /* Build configuration list for PBXNativeTarget "MyInfo" */ = {
			isa = XCConfigurationList;
			buildConfigurations = (
				13B07F941A680F5B00A75B9A /* Debug */,
				13B07F951A680F5B00A75B9A /* Release */,
			);
			defaultConfigurationIsVisible = 0;
			defaultConfigurationName = Release;
		};
		2D02E4BA1E0B4A5E006451C7 /* Build configuration list for PBXNativeTarget "MyInfo-tvOS" */ = {
			isa = XCConfigurationList;
			buildConfigurations = (
				2D02E4971E0B4A5E006451C7 /* Debug */,
				2D02E4981E0B4A5E006451C7 /* Release */,
			);
			defaultConfigurationIsVisible = 0;
			defaultConfigurationName = Release;
		};
		83CBB9FA1A601CBA00E9B192 /* Build configuration list for PBXProject "MyInfo" */ = {
			isa = XCConfigurationList;
			buildConfigurations = (
				83CBBA201A601CBA00E9B192 /* Debug */,
				83CBBA211A601CBA00E9B192 /* Release */,
			);
			defaultConfigurationIsVisible = 0;
			defaultConfigurationName = Release;
		};
/* End XCConfigurationList section */
	};
	rootObject = 83CBB9F71A601CBA00E9B192 /* Project object */;
}
